github.com/Dimonchik0036/vk-api v0.0.0-20181108155455-9295c719fadc h1:puqHneKfd6uKgO3wT6TD47Q+z6CKSno1E5wyfDRaVyY=
github.com/Dimonchik0036/vk-api v0.0.0-20181108155455-9295c719fadc/go.mod h1:ASKumaEwpQwvz7ZbQkDKXVLyjHmHfhm2MAix7UUBB5Y=
github.com/technoweenie/multipartstreamer v1.0.1 h1:XRztA5MXiR1TIRHxH2uNxXxaIkKQDeX7m2XsSOlQEnM=
github.com/technoweenie/multipartstreamer v1.0.1/go.mod h1:jNVxdtShOxzAsukZwTSw6MDx5eUJoiEBsSvzDU9uzog=
